<?xml version="1.0" encoding="utf-8"?>
<Project ToolsVersion="4.0" xmlns="http://schemas.microsoft.com/developer/msbuild/2003">
  <ItemGroup>
    <Filter Include="Source Files">
      <UniqueIdentifier>{954ff0ad-f6ee-4de6-9851-289f58de1ba6}</UniqueIdentifier>
      <Extensions>cpp;c;cxx;rc;def;r;odl;idl;hpj;bat</Extensions>
    </Filter>
    <Filter Include="Header Files">
      <UniqueIdentifier>{740b13d3-bf25-4793-a3e0-4d13e3e71c4a}</UniqueIdentifier>
      <Extensions>h;hpp;hxx;hm;inl</Extensions>
    </Filter>
    <Filter Include="Resource Files">
      <UniqueIdentifier>{2ec8ecd0-d089-4887-98eb-a66497a4e6c3}</UniqueIdentifier>
    </Filter>
    <Filter Include="Source Files\operating_system">
      <UniqueIdentifier>{7d5251d2-1d85-456a-b600-24603712b07d}</UniqueIdentifier>
    </Filter>
    <Filter Include="Source Files\shader">
      <UniqueIdentifier>{179b8e43-ca4a-4546-a31a-fc40ccd96636}</UniqueIdentifier>
    </Filter>
    <Filter Include="Header Files\shader">
      <UniqueIdentifier>{bcc98f30-5e91-4bb2-a66d-b15d8d0c7e75}</UniqueIdentifier>
    </Filter>
  </ItemGroup>
  <ItemGroup>
    <ClInclude Include="framework.h">
      <Filter>Header Files</Filter>
    </ClInclude>
    <ClInclude Include="_.h">
      <Filter>Header Files</Filter>
    </ClInclude>
    <ClInclude Include="approach.h">
      <Filter>Header Files</Filter>
    </ClInclude>
    <ClInclude Include="program.h">
      <Filter>Header Files</Filter>
    </ClInclude>
    <ClInclude Include="shader.h">
      <Filter>Header Files</Filter>
    </ClInclude>
    <ClInclude Include="context.h">
      <Filter>Header Files</Filter>
    </ClInclude>
    <ClInclude Include="cpu_buffer.h">
      <Filter>Header Files</Filter>
    </ClInclude>
    <ClInclude Include="object.h">
      <Filter>Header Files</Filter>
    </ClInclude>
    <ClInclude Include="assimp.h">
      <Filter>Header Files</Filter>
    </ClInclude>
    <ClInclude Include="_gpu_directx.h">
      <Filter>Header Files</Filter>
    </ClInclude>
    <ClInclude Include="initializers.h">
      <Filter>Header Files</Filter>
    </ClInclude>
    <ClInclude Include="debug.h">
      <Filter>Header Files</Filter>
    </ClInclude>
    <ClInclude Include="swap_chain.h">
      <Filter>Header Files</Filter>
    </ClInclude>
    <ClInclude Include="physical_device.h">
      <Filter>Header Files</Filter>
    </ClInclude>
    <ClInclude Include="renderer.h">
      <Filter>Header Files</Filter>
    </ClInclude>
    <ClInclude Include="offscreen_render_pass.h">
      <Filter>Header Files</Filter>
    </ClInclude>
    <ClInclude Include="render_pass.h">
      <Filter>Header Files</Filter>
    </ClInclude>
    <ClInclude Include="swap_chain_render_pass.h">
      <Filter>Header Files</Filter>
    </ClInclude>
    <ClInclude Include="descriptors.h">
      <Filter>Header Files</Filter>
    </ClInclude>
    <ClInclude Include="buffer.h">
      <Filter>Header Files</Filter>
    </ClInclude>
    <ClInclude Include="frame.h">
      <Filter>Header Files</Filter>
    </ClInclude>
    <ClInclude Include="device.h">
      <Filter>Header Files</Filter>
    </ClInclude>
    <ClInclude Include="accumulation_render_pass.h">
      <Filter>Header Files</Filter>
    </ClInclude>
    <ClInclude Include="dxgi_debug.h">
      <Filter>Header Files</Filter>
    </ClInclude>
  </ItemGroup>
  <ItemGroup>
    <ClCompile Include="framework.cpp">
      <Filter>Source Files</Filter>
    </ClCompile>
    <ClCompile Include="_factory.cpp">
      <Filter>Source Files</Filter>
    </ClCompile>
    <ClCompile Include="_.cpp">
      <Filter>Source Files</Filter>
    </ClCompile>
    <ClCompile Include="aaa_context_win32.cpp">
      <Filter>Source Files</Filter>
    </ClCompile>
    <ClCompile Include="image_directx.cpp">
      <Filter>Source Files</Filter>
    </ClCompile>
    <ClCompile Include="approach.cpp">
      <Filter>Source Files</Filter>
    </ClCompile>
    <ClCompile Include="program.cpp">
      <Filter>Source Files</Filter>
    </ClCompile>
    <ClCompile Include="shader.cpp">
      <Filter>Source Files</Filter>
    </ClCompile>
    <ClCompile Include="context.cpp">
      <Filter>Source Files</Filter>
    </ClCompile>
    <ClCompile Include="cpu_buffer.cpp">
      <Filter>Source Files</Filter>
    </ClCompile>
    <ClCompile Include="object.cpp">
      <Filter>Source Files</Filter>
    </ClCompile>
    <ClCompile Include="assimp.cpp">
      <Filter>Source Files</Filter>
    </ClCompile>
    <ClCompile Include="_gpu_directx.cpp">
      <Filter>Source Files</Filter>
    </ClCompile>
    <ClCompile Include="debug.cpp">
      <Filter>Source Files</Filter>
    </ClCompile>
    <ClCompile Include="physical_device.cpp">
      <Filter>Source Files</Filter>
    </ClCompile>
    <ClCompile Include="offscreen_render_pass.cpp">
      <Filter>Source Files</Filter>
    </ClCompile>
    <ClCompile Include="render_pass.cpp">
      <Filter>Source Files</Filter>
    </ClCompile>
    <ClCompile Include="swap_chain_render_pass.cpp">
      <Filter>Source Files</Filter>
    </ClCompile>
    <ClCompile Include="renderer.cpp">
      <Filter>Source Files</Filter>
    </ClCompile>
    <ClCompile Include="descriptors.cpp">
      <Filter>Source Files</Filter>
    </ClCompile>
    <ClCompile Include="buffer.cpp">
      <Filter>Source Files</Filter>
    </ClCompile>
    <ClCompile Include="operating_system\windows.cpp">
      <Filter>Source Files\operating_system</Filter>
    </ClCompile>
    <ClCompile Include="device.cpp">
      <Filter>Source Files</Filter>
    </ClCompile>
    <ClCompile Include="accumulation_render_pass.cpp">
      <Filter>Source Files</Filter>
    </ClCompile>
    <ClCompile Include="dxgi_debug.cpp">
      <Filter>Source Files</Filter>
    </ClCompile>
  </ItemGroup>
  <ItemGroup>
    <ResourceCompile Include="deployment.rc">
      <Filter>Resource Files</Filter>
    </ResourceCompile>
  </ItemGroup>
  <ItemGroup>
    <CustomBuild Include="shader\image_blend.frag">
      <Filter>Source Files\shader</Filter>
    </CustomBuild>
    <CustomBuild Include="shader\image_blend.vert">
      <Filter>Source Files\shader</Filter>
    </CustomBuild>
    <CustomBuild Include="shader\shader.frag">
      <Filter>Source Files\shader</Filter>
    </CustomBuild>
    <CustomBuild Include="shader\shader.vert">
      <Filter>Source Files\shader</Filter>
    </CustomBuild>
    <CustomBuild Include="shader\resolve.frag">
      <Filter>Source Files\shader</Filter>
    </CustomBuild>
  </ItemGroup>
  <ItemGroup>
    <None Include="shader\image_blend.frag.spv.inl">
      <Filter>Header Files\shader</Filter>
    </None>
    <None Include="shader\image_blend.vert.spv.inl">
      <Filter>Header Files\shader</Filter>
    </None>
    <None Include="shader\shader.frag.spv.inl">
      <Filter>Header Files\shader</Filter>
    </None>
    <None Include="shader\shader.vert.spv.inl">
      <Filter>Header Files\shader</Filter>
    </None>
    <None Include="shader\resolve.frag.spv.inl">
      <Filter>Header Files\shader</Filter>
    </None>
  </ItemGroup>
</Project>