<?xml version="1.0" encoding="utf-8"?>
<Project ToolsVersion="4.0" xmlns="http://schemas.microsoft.com/developer/msbuild/2003">
  <ItemGroup>
    <Filter Include="Source Files">
      <UniqueIdentifier>{954ff0ad-f6ee-4de6-9851-289f58de1ba6}</UniqueIdentifier>
      <Extensions>cpp;c;cxx;rc;def;r;odl;idl;hpj;bat</Extensions>
    </Filter>
    <Filter Include="Header Files">
      <UniqueIdentifier>{740b13d3-bf25-4793-a3e0-4d13e3e71c4a}</UniqueIdentifier>
      <Extensions>h;hpp;hxx;hm;inl</Extensions>
    </Filter>
    <Filter Include="Resource Files">
      <UniqueIdentifier>{2ec8ecd0-d089-4887-98eb-a66497a4e6c3}</UniqueIdentifier>
    </Filter>
  </ItemGroup>
  <ItemGroup>
    <ClInclude Include="framework.h">
      <Filter>Header Files</Filter>
    </ClInclude>
    <ClInclude Include="_.h">
      <Filter>Header Files</Filter>
    </ClInclude>
    <ClInclude Include="node.h">
      <Filter>Header Files</Filter>
    </ClInclude>
    <ClInclude Include="_library.h">
      <Filter>Header Files</Filter>
    </ClInclude>
    <ClInclude Include="_operating_system.h">
      <Filter>Header Files</Filter>
    </ClInclude>
    <ClInclude Include="_geometry2.h">
      <Filter>Header Files</Filter>
    </ClInclude>
    <ClInclude Include="bstring.h">
      <Filter>Header Files</Filter>
    </ClInclude>
    <ClInclude Include="comptr.h">
      <Filter>Header Files</Filter>
    </ClInclude>
    <ClInclude Include="cotaskptr.h">
      <Filter>Header Files</Filter>
    </ClInclude>
    <ClInclude Include="file.h">
      <Filter>Header Files</Filter>
    </ClInclude>
    <ClInclude Include="prop_variant.h">
      <Filter>Header Files</Filter>
    </ClInclude>
    <ClInclude Include="variant.h">
      <Filter>Header Files</Filter>
    </ClInclude>
    <ClInclude Include="file_system.h">
      <Filter>Header Files</Filter>
    </ClInclude>
    <ClInclude Include="path_system.h">
      <Filter>Header Files</Filter>
    </ClInclude>
    <ClInclude Include="directory_system.h">
      <Filter>Header Files</Filter>
    </ClInclude>
    <ClInclude Include="exception_translator.h">
      <Filter>Header Files</Filter>
    </ClInclude>
    <ClInclude Include="hresult_exception.h">
      <Filter>Header Files</Filter>
    </ClInclude>
    <ClInclude Include="standard_exception.h">
      <Filter>Header Files</Filter>
    </ClInclude>
    <ClInclude Include="mutex.h">
      <Filter>Header Files</Filter>
    </ClInclude>
    <ClInclude Include="synchronization_object.h">
      <Filter>Header Files</Filter>
    </ClInclude>
    <ClInclude Include="exclusive.h">
      <Filter>Header Files</Filter>
    </ClInclude>
    <ClInclude Include="security_attributes.h">
      <Filter>Header Files</Filter>
    </ClInclude>
    <ClInclude Include="comptr_array.h">
      <Filter>Header Files</Filter>
    </ClInclude>
    <ClInclude Include="file_context.h">
      <Filter>Header Files</Filter>
    </ClInclude>
    <ClInclude Include="dxgi_device_source.h">
      <Filter>Header Files</Filter>
    </ClInclude>
    <ClInclude Include="dxgi_surface_bindable.h">
      <Filter>Header Files</Filter>
    </ClInclude>
  </ItemGroup>
  <ItemGroup>
    <ClCompile Include="framework.cpp">
      <Filter>Source Files</Filter>
    </ClCompile>
    <ClCompile Include="_factory.cpp">
      <Filter>Source Files</Filter>
    </ClCompile>
    <ClCompile Include="node.cpp">
      <Filter>Source Files</Filter>
    </ClCompile>
    <ClCompile Include="bstring.cpp">
      <Filter>Source Files</Filter>
    </ClCompile>
    <ClCompile Include="com.cpp">
      <Filter>Source Files</Filter>
    </ClCompile>
    <ClCompile Include="file_system.cpp">
      <Filter>Source Files</Filter>
    </ClCompile>
    <ClCompile Include="path_system.cpp">
      <Filter>Source Files</Filter>
    </ClCompile>
    <ClCompile Include="directory_system.cpp">
      <Filter>Source Files</Filter>
    </ClCompile>
    <ClCompile Include="file.cpp">
      <Filter>Source Files</Filter>
    </ClCompile>
    <ClCompile Include="exception_translator.cpp">
      <Filter>Source Files</Filter>
    </ClCompile>
    <ClCompile Include="mutex.cpp">
      <Filter>Source Files</Filter>
    </ClCompile>
    <ClCompile Include="synchronization_object.cpp">
      <Filter>Source Files</Filter>
    </ClCompile>
    <ClCompile Include="hresult_exception.cpp">
      <Filter>Source Files</Filter>
    </ClCompile>
    <ClCompile Include="_.cpp">
      <Filter>Source Files</Filter>
    </ClCompile>
    <ClCompile Include="standard_exception.cpp">
      <Filter>Source Files</Filter>
    </ClCompile>
    <ClCompile Include="security_attributes.cpp">
      <Filter>Source Files</Filter>
    </ClCompile>
    <ClCompile Include="file_context.cpp">
      <Filter>Source Files</Filter>
    </ClCompile>
    <ClCompile Include="dxgi_device_source.cpp">
      <Filter>Source Files</Filter>
    </ClCompile>
    <ClCompile Include="dxgi_surface_bindable.cpp">
      <Filter>Source Files</Filter>
    </ClCompile>
  </ItemGroup>
  <ItemGroup>
    <ResourceCompile Include="deployment.rc">
      <Filter>Resource Files</Filter>
    </ResourceCompile>
  </ItemGroup>
</Project>