<?xml version="1.0" encoding="utf-8"?>
<Project ToolsVersion="4.0" xmlns="http://schemas.microsoft.com/developer/msbuild/2003">
  <ItemGroup>
    <Filter Include="Header Files">
      <UniqueIdentifier>{176c3936-f65e-4fc0-8897-9b2a8831fcb6}</UniqueIdentifier>
    </Filter>
    <Filter Include="Source Files">
      <UniqueIdentifier>{9bbb73a0-40d0-4f09-b55c-524201fce82b}</UniqueIdentifier>
    </Filter>
    <Filter Include="Source Files\exception">
      <UniqueIdentifier>{78d9c32e-97c2-4138-b4d9-493e5fc453e1}</UniqueIdentifier>
    </Filter>
    <Filter Include="Header Files\exception">
      <UniqueIdentifier>{96caaa07-2f98-4759-bae3-4b7a97beb0f5}</UniqueIdentifier>
    </Filter>
  </ItemGroup>
  <ItemGroup>
    <ClInclude Include="framework.h">
      <Filter>Header Files</Filter>
    </ClInclude>
    <ClInclude Include="_.h">
      <Filter>Header Files</Filter>
    </ClInclude>
    <ClInclude Include="_acme_windows_common.h">
      <Filter>Header Files</Filter>
    </ClInclude>
    <ClInclude Include="_c.h">
      <Filter>Header Files</Filter>
    </ClInclude>
    <ClInclude Include="_default_dll_impl.h">
      <Filter>Header Files</Filter>
    </ClInclude>
    <ClInclude Include="_file_c.h">
      <Filter>Header Files</Filter>
    </ClInclude>
    <ClInclude Include="_geometry2.h">
      <Filter>Header Files</Filter>
    </ClInclude>
    <ClInclude Include="_impl.h">
      <Filter>Header Files</Filter>
    </ClInclude>
    <ClInclude Include="_node_windows.h">
      <Filter>Header Files</Filter>
    </ClInclude>
    <ClInclude Include="_node_windows_private.h">
      <Filter>Header Files</Filter>
    </ClInclude>
    <ClInclude Include="_thread_os_create_impl.h">
      <Filter>Header Files</Filter>
    </ClInclude>
    <ClInclude Include="_types.h">
      <Filter>Header Files</Filter>
    </ClInclude>
    <ClInclude Include="_unicode_c.h">
      <Filter>Header Files</Filter>
    </ClInclude>
    <ClInclude Include="_windows.h">
      <Filter>Header Files</Filter>
    </ClInclude>
    <ClInclude Include="_windows_common.h">
      <Filter>Header Files</Filter>
    </ClInclude>
    <ClInclude Include="acme_dir.h">
      <Filter>Header Files</Filter>
    </ClInclude>
    <ClInclude Include="acme_file.h">
      <Filter>Header Files</Filter>
    </ClInclude>
    <ClInclude Include="acme_path.h">
      <Filter>Header Files</Filter>
    </ClInclude>
    <ClInclude Include="bstring.h">
      <Filter>Header Files</Filter>
    </ClInclude>
    <ClInclude Include="comptr.h">
      <Filter>Header Files</Filter>
    </ClInclude>
    <ClInclude Include="cotaskptr.h">
      <Filter>Header Files</Filter>
    </ClInclude>
    <ClInclude Include="factory_exchange.h">
      <Filter>Header Files</Filter>
    </ClInclude>
    <ClInclude Include="file.h">
      <Filter>Header Files</Filter>
    </ClInclude>
    <ClInclude Include="node.h">
      <Filter>Header Files</Filter>
    </ClInclude>
    <ClInclude Include="parallelization.h">
      <Filter>Header Files</Filter>
    </ClInclude>
    <ClInclude Include="prop_variant.h">
      <Filter>Header Files</Filter>
    </ClInclude>
    <ClInclude Include="standard_exception.h">
      <Filter>Header Files</Filter>
    </ClInclude>
    <ClInclude Include="variant.h">
      <Filter>Header Files</Filter>
    </ClInclude>
    <ClInclude Include="exception\translator.h">
      <Filter>Header Files\exception</Filter>
    </ClInclude>
    <ClInclude Include="exception\engine.h">
      <Filter>Header Files\exception</Filter>
    </ClInclude>
    <ClInclude Include="exception\hresult.h">
      <Filter>Header Files\exception</Filter>
    </ClInclude>
    <ClInclude Include="acme_directory.h">
      <Filter>Header Files</Filter>
    </ClInclude>
  </ItemGroup>
  <ItemGroup>
    <ClCompile Include="framework.cpp">
      <Filter>Source Files</Filter>
    </ClCompile>
    <ClCompile Include="_.cpp">
      <Filter>Source Files</Filter>
    </ClCompile>
    <ClCompile Include="acme_file.cpp">
      <Filter>Source Files</Filter>
    </ClCompile>
    <ClCompile Include="acme_path.cpp">
      <Filter>Source Files</Filter>
    </ClCompile>
    <ClCompile Include="aura.cpp">
      <Filter>Source Files</Filter>
    </ClCompile>
    <ClCompile Include="base.cpp">
      <Filter>Source Files</Filter>
    </ClCompile>
    <ClCompile Include="bstr.cpp">
      <Filter>Source Files</Filter>
    </ClCompile>
    <ClCompile Include="bstring.cpp">
      <Filter>Source Files</Filter>
    </ClCompile>
    <ClCompile Include="com.cpp">
      <Filter>Source Files</Filter>
    </ClCompile>
    <ClCompile Include="debug.cpp">
      <Filter>Source Files</Filter>
    </ClCompile>
    <ClCompile Include="_factory.cpp">
      <Filter>Source Files</Filter>
    </ClCompile>
    <ClCompile Include="file.cpp">
      <Filter>Source Files</Filter>
    </ClCompile>
    <ClCompile Include="file1.cpp">
      <Filter>Source Files</Filter>
    </ClCompile>
    <ClCompile Include="networking.cpp">
      <Filter>Source Files</Filter>
    </ClCompile>
    <ClCompile Include="node.cpp">
      <Filter>Source Files</Filter>
    </ClCompile>
    <ClCompile Include="os_usleep.cpp">
      <Filter>Source Files</Filter>
    </ClCompile>
    <ClCompile Include="standard_exception.cpp">
      <Filter>Source Files</Filter>
    </ClCompile>
    <ClCompile Include="exception\hresult.cpp">
      <Filter>Source Files\exception</Filter>
    </ClCompile>
    <ClCompile Include="exception\translator.cpp">
      <Filter>Source Files\exception</Filter>
    </ClCompile>
    <ClCompile Include="acme_directory.cpp">
      <Filter>Source Files</Filter>
    </ClCompile>
  </ItemGroup>
</Project>